// !$*UTF8*$!
{
	archiveVersion = 1;
	classes = {
	};
	objectVersion = 48;
	objects = {

/* Begin PBXBuildFile section */
		2235B9191FFE1A210035A4BD /* AppDelegate.swift in Sources */ = {isa = PBXBuildFile; fileRef = 2235B9181FFE1A210035A4BD /* AppDelegate.swift */; };
		2235B91B1FFE1A210035A4BD /* ViewController.swift in Sources */ = {isa = PBXBuildFile; fileRef = 2235B91A1FFE1A210035A4BD /* ViewController.swift */; };
		2235B91E1FFE1A210035A4BD /* Main.storyboard in Resources */ = {isa = PBXBuildFile; fileRef = 2235B91C1FFE1A210035A4BD /* Main.storyboard */; };
		2235B9201FFE1A210035A4BD /* Assets.xcassets in Resources */ = {isa = PBXBuildFile; fileRef = 2235B91F1FFE1A210035A4BD /* Assets.xcassets */; };
		2235B9231FFE1A210035A4BD /* LaunchScreen.storyboard in Resources */ = {isa = PBXBuildFile; fileRef = 2235B9211FFE1A210035A4BD /* LaunchScreen.storyboard */; };
		2235B92E1FFE1A210035A4BD /* FeatureStarTests.swift in Sources */ = {isa = PBXBuildFile; fileRef = 2235B92D1FFE1A210035A4BD /* FeatureStarTests.swift */; };
		2235B9391FFE1A210035A4BD /* FeatureStarUITests.swift in Sources */ = {isa = PBXBuildFile; fileRef = 2235B9381FFE1A210035A4BD /* FeatureStarUITests.swift */; };
		2235B9471FFE1B700035A4BD /* ReactiveX.swift in Sources */ = {isa = PBXBuildFile; fileRef = 2235B9461FFE1B700035A4BD /* ReactiveX.swift */; };
/* End PBXBuildFile section */

/* Begin PBXContainerItemProxy section */
		2235B92A1FFE1A210035A4BD /* PBXContainerItemProxy */ = {
			isa = PBXContainerItemProxy;
			containerPortal = 2235B90D1FFE1A210035A4BD /* Project object */;
			proxyType = 1;
			remoteGlobalIDString = 2235B9141FFE1A210035A4BD;
			remoteInfo = FeatureStar;
		};
		2235B9351FFE1A210035A4BD /* PBXContainerItemProxy */ = {
			isa = PBXContainerItemProxy;
			containerPortal = 2235B90D1FFE1A210035A4BD /* Project object */;
			proxyType = 1;
			remoteGlobalIDString = 2235B9141FFE1A210035A4BD;
			remoteInfo = FeatureStar;
		};
/* End PBXContainerItemProxy section */

/* Begin PBXFileReference section */
		2235B9151FFE1A210035A4BD /* FeatureStar.app */ = {isa = PBXFileReference; explicitFileType = wrapper.application; includeInIndex = 0; path = FeatureStar.app; sourceTree = BUILT_PRODUCTS_DIR; };
		2235B9181FFE1A210035A4BD /* AppDelegate.swift */ = {isa = PBXFileReference; lastKnownFileType = sourcecode.swift; path = AppDelegate.swift; sourceTree = "<group>"; };
		2235B91A1FFE1A210035A4BD /* ViewController.swift */ = {isa = PBXFileReference; lastKnownFileType = sourcecode.swift; path = ViewController.swift; sourceTree = "<group>"; };
		2235B91D1FFE1A210035A4BD /* Base */ = {isa = PBXFileReference; lastKnownFileType = file.storyboard; name = Base; path = Base.lproj/Main.storyboard; sourceTree = "<group>"; };
		2235B91F1FFE1A210035A4BD /* Assets.xcassets */ = {isa = PBXFileReference; lastKnownFileType = folder.assetcatalog; path = Assets.xcassets; sourceTree = "<group>"; };
		2235B9221FFE1A210035A4BD /* Base */ = {isa = PBXFileReference; lastKnownFileType = file.storyboard; name = Base; path = Base.lproj/LaunchScreen.storyboard; sourceTree = "<group>"; };
		2235B9241FFE1A210035A4BD /* Info.plist */ = {isa = PBXFileReference; lastKnownFileType = text.plist.xml; path = Info.plist; sourceTree = "<group>"; };
		2235B9291FFE1A210035A4BD /* FeatureStarTests.xctest */ = {isa = PBXFileReference; explicitFileType = wrapper.cfbundle; includeInIndex = 0; path = FeatureStarTests.xctest; sourceTree = BUILT_PRODUCTS_DIR; };
		2235B92D1FFE1A210035A4BD /* FeatureStarTests.swift */ = {isa = PBXFileReference; lastKnownFileType = sourcecode.swift; path = FeatureStarTests.swift; sourceTree = "<group>"; };
		2235B92F1FFE1A210035A4BD /* Info.plist */ = {isa = PBXFileReference; lastKnownFileType = text.plist.xml; path = Info.plist; sourceTree = "<group>"; };
		2235B9341FFE1A210035A4BD /* FeatureStarUITests.xctest */ = {isa = PBXFileReference; explicitFileType = wrapper.cfbundle; includeInIndex = 0; path = FeatureStarUITests.xctest; sourceTree = BUILT_PRODUCTS_DIR; };
		2235B9381FFE1A210035A4BD /* FeatureStarUITests.swift */ = {isa = PBXFileReference; lastKnownFileType = sourcecode.swift; path = FeatureStarUITests.swift; sourceTree = "<group>"; };
		2235B93A1FFE1A210035A4BD /* Info.plist */ = {isa = PBXFileReference; lastKnownFileType = text.plist.xml; path = Info.plist; sourceTree = "<group>"; };
		2235B9461FFE1B700035A4BD /* ReactiveX.swift */ = {isa = PBXFileReference; lastKnownFileType = sourcecode.swift; path = ReactiveX.swift; sourceTree = "<group>"; };
/* End PBXFileReference section */

/* Begin PBXFrameworksBuildPhase section */
		2235B9121FFE1A210035A4BD /* Frameworks */ = {
			isa = PBXFrameworksBuildPhase;
			buildActionMask = 2147483647;
			files = (
			);
			runOnlyForDeploymentPostprocessing = 0;
		};
		2235B9261FFE1A210035A4BD /* Frameworks */ = {
			isa = PBXFrameworksBuildPhase;
			buildActionMask = 2147483647;
			files = (
			);
			runOnlyForDeploymentPostprocessing = 0;
		};
		2235B9311FFE1A210035A4BD /* Frameworks */ = {
			isa = PBXFrameworksBuildPhase;
			buildActionMask = 2147483647;
			files = (
			);
			runOnlyForDeploymentPostprocessing = 0;
		};
/* End PBXFrameworksBuildPhase section */

/* Begin PBXGroup section */
		2235B90C1FFE1A210035A4BD = {
			isa = PBXGroup;
			children = (
				2235B9171FFE1A210035A4BD /* FeatureStar */,
				2235B92C1FFE1A210035A4BD /* FeatureStarTests */,
				2235B9371FFE1A210035A4BD /* FeatureStarUITests */,
				2235B9161FFE1A210035A4BD /* Products */,
			);
			sourceTree = "<group>";
		};
		2235B9161FFE1A210035A4BD /* Products */ = {
			isa = PBXGroup;
			children = (
				2235B9151FFE1A210035A4BD /* FeatureStar.app */,
				2235B9291FFE1A210035A4BD /* FeatureStarTests.xctest */,
				2235B9341FFE1A210035A4BD /* FeatureStarUITests.xctest */,
			);
			name = Products;
			sourceTree = "<group>";
		};
		2235B9171FFE1A210035A4BD /* FeatureStar */ = {
			isa = PBXGroup;
			children = (
				2235B9181FFE1A210035A4BD /* AppDelegate.swift */,
				2235B91A1FFE1A210035A4BD /* ViewController.swift */,
				2235B9461FFE1B700035A4BD /* ReactiveX.swift */,
				2235B91C1FFE1A210035A4BD /* Main.storyboard */,
				2235B91F1FFE1A210035A4BD /* Assets.xcassets */,
				2235B9211FFE1A210035A4BD /* LaunchScreen.storyboard */,
				2235B9241FFE1A210035A4BD /* Info.plist */,
			);
			path = FeatureStar;
			sourceTree = "<group>";
		};
		2235B92C1FFE1A210035A4BD /* FeatureStarTests */ = {
			isa = PBXGroup;
			children = (
				2235B92D1FFE1A210035A4BD /* FeatureStarTests.swift */,
				2235B92F1FFE1A210035A4BD /* Info.plist */,
			);
			path = FeatureStarTests;
			sourceTree = "<group>";
		};
		2235B9371FFE1A210035A4BD /* FeatureStarUITests */ = {
			isa = PBXGroup;
			children = (
				2235B9381FFE1A210035A4BD /* FeatureStarUITests.swift */,
				2235B93A1FFE1A210035A4BD /* Info.plist */,
			);
			path = FeatureStarUITests;
			sourceTree = "<group>";
		};
/* End PBXGroup section */

/* Begin PBXNativeTarget section */
		2235B9141FFE1A210035A4BD /* FeatureStar */ = {
			isa = PBXNativeTarget;
			buildConfigurationList = 2235B93D1FFE1A210035A4BD /* Build configuration list for PBXNativeTarget "FeatureStar" */;
			buildPhases = (
				2235B9111FFE1A210035A4BD /* Sources */,
				2235B9121FFE1A210035A4BD /* Frameworks */,
				2235B9131FFE1A210035A4BD /* Resources */,
			);
			buildRules = (
			);
			dependencies = (
			);
			name = FeatureStar;
			productName = FeatureStar;
			productReference = 2235B9151FFE1A210035A4BD /* FeatureStar.app */;
			productType = "com.apple.product-type.application";
		};
		2235B9281FFE1A210035A4BD /* FeatureStarTests */ = {
			isa = PBXNativeTarget;
			buildConfigurationList = 2235B9401FFE1A210035A4BD /* Build configuration list for PBXNativeTarget "FeatureStarTests" */;
			buildPhases = (
				2235B9251FFE1A210035A4BD /* Sources */,
				2235B9261FFE1A210035A4BD /* Frameworks */,
				2235B9271FFE1A210035A4BD /* Resources */,
			);
			buildRules = (
			);
			dependencies = (
				2235B92B1FFE1A210035A4BD /* PBXTargetDependency */,
			);
			name = FeatureStarTests;
			productName = FeatureStarTests;
			productReference = 2235B9291FFE1A210035A4BD /* FeatureStarTests.xctest */;
			productType = "com.apple.product-type.bundle.unit-test";
		};
		2235B9331FFE1A210035A4BD /* FeatureStarUITests */ = {
			isa = PBXNativeTarget;
			buildConfigurationList = 2235B9431FFE1A210035A4BD /* Build configuration list for PBXNativeTarget "FeatureStarUITests" */;
			buildPhases = (
				2235B9301FFE1A210035A4BD /* Sources */,
				2235B9311FFE1A210035A4BD /* Frameworks */,
				2235B9321FFE1A210035A4BD /* Resources */,
			);
			buildRules = (
			);
			dependencies = (
				2235B9361FFE1A210035A4BD /* PBXTargetDependency */,
			);
			name = FeatureStarUITests;
			productName = FeatureStarUITests;
			productReference = 2235B9341FFE1A210035A4BD /* FeatureStarUITests.xctest */;
			productType = "com.apple.product-type.bundle.ui-testing";
		};
/* End PBXNativeTarget section */

/* Begin PBXProject section */
		2235B90D1FFE1A210035A4BD /* Project object */ = {
			isa = PBXProject;
			attributes = {
				LastSwiftUpdateCheck = 0920;
				LastUpgradeCheck = 0920;
				ORGANIZATIONNAME = LM;
				TargetAttributes = {
					2235B9141FFE1A210035A4BD = {
						CreatedOnToolsVersion = 9.2;
						ProvisioningStyle = Automatic;
					};
					2235B9281FFE1A210035A4BD = {
						CreatedOnToolsVersion = 9.2;
						ProvisioningStyle = Automatic;
						TestTargetID = 2235B9141FFE1A210035A4BD;
					};
					2235B9331FFE1A210035A4BD = {
						CreatedOnToolsVersion = 9.2;
						ProvisioningStyle = Automatic;
						TestTargetID = 2235B9141FFE1A210035A4BD;
					};
				};
			};
			buildConfigurationList = 2235B9101FFE1A210035A4BD /* Build configuration list for PBXProject "FeatureStar" */;
			compatibilityVersion = "Xcode 8.0";
			developmentRegion = en;
			hasScannedForEncodings = 0;
			knownRegions = (
				en,
				Base,
			);
			mainGroup = 2235B90C1FFE1A210035A4BD;
			productRefGroup = 2235B9161FFE1A210035A4BD /* Products */;
			projectDirPath = "";
			projectRoot = "";
			targets = (
				2235B9141FFE1A210035A4BD /* FeatureStar */,
				2235B9281FFE1A210035A4BD /* FeatureStarTests */,
				2235B9331FFE1A210035A4BD /* FeatureStarUITests */,
			);
		};
/* End PBXProject section */

/* Begin PBXResourcesBuildPhase section */
		2235B9131FFE1A210035A4BD /* Resources */ = {
			isa = PBXResourcesBuildPhase;
			buildActionMask = 2147483647;
			files = (
				2235B9231FFE1A210035A4BD /* LaunchScreen.storyboard in Resources */,
				2235B9201FFE1A210035A4BD /* Assets.xcassets in Resources */,
				2235B91E1FFE1A210035A4BD /* Main.storyboard in Resources */,
			);
			runOnlyForDeploymentPostprocessing = 0;
		};
		2235B9271FFE1A210035A4BD /* Resources */ = {
			isa = PBXResourcesBuildPhase;
			buildActionMask = 2147483647;
			files = (
			);
			runOnlyForDeploymentPostprocessing = 0;
		};
		2235B9321FFE1A210035A4BD /* Resources */ = {
			isa = PBXResourcesBuildPhase;
			buildActionMask = 2147483647;
			files = (
			);
			runOnlyForDeploymentPostprocessing = 0;
		};
/* End PBXResourcesBuildPhase section */

/* Begin PBXSourcesBuildPhase section */
		2235B9111FFE1A210035A4BD /* Sources */ = {
			isa = PBXSourcesBuildPhase;
			buildActionMask = 2147483647;
			files = (
				2235B9471FFE1B700035A4BD /* ReactiveX.swift in Sources */,
				2235B91B1FFE1A210035A4BD /* ViewController.swift in Sources */,
				2235B9191FFE1A210035A4BD /* AppDelegate.swift in Sources */,
			);
			runOnlyForDeploymentPostprocessing = 0;
		};
		2235B9251FFE1A210035A4BD /* Sources */ = {
			isa = PBXSourcesBuildPhase;
			buildActionMask = 2147483647;
			files = (
				2235B92E1FFE1A210035A4BD /* FeatureStarTests.swift in Sources */,
			);
			runOnlyForDeploymentPostprocessing = 0;
		};
		2235B9301FFE1A210035A4BD /* Sources */ = {
			isa = PBXSourcesBuildPhase;
			buildActionMask = 2147483647;
			files = (
				2235B9391FFE1A210035A4BD /* FeatureStarUITests.swift in Sources */,
			);
			runOnlyForDeploymentPostprocessing = 0;
		};
/* End PBXSourcesBuildPhase section */

/* Begin PBXTargetDependency section */
		2235B92B1FFE1A210035A4BD /* PBXTargetDependency */ = {
			isa = PBXTargetDependency;
			target = 2235B9141FFE1A210035A4BD /* FeatureStar */;
			targetProxy = 2235B92A1FFE1A210035A4BD /* PBXContainerItemProxy */;
		};
		2235B9361FFE1A210035A4BD /* PBXTargetDependency */ = {
			isa = PBXTargetDependency;
			target = 2235B9141FFE1A210035A4BD /* FeatureStar */;
			targetProxy = 2235B9351FFE1A210035A4BD /* PBXContainerItemProxy */;
		};
/* End PBXTargetDependency section */

/* Begin PBXVariantGroup section */
		2235B91C1FFE1A210035A4BD /* Main.storyboard */ = {
			isa = PBXVariantGroup;
			children = (
				2235B91D1FFE1A210035A4BD /* Base */,
			);
			name = Main.storyboard;
			sourceTree = "<group>";
		};
		2235B9211FFE1A210035A4BD /* LaunchScreen.storyboard */ = {
			isa = PBXVariantGroup;
			children = (
				2235B9221FFE1A210035A4BD /* Base */,
			);
			name = LaunchScreen.storyboard;
			sourceTree = "<group>";
		};
/* End PBXVariantGroup section */

/* Begin XCBuildConfiguration section */
		2235B93B1FFE1A210035A4BD /* Debug */ = {
			isa = XCBuildConfiguration;
			buildSettings = {
				ALWAYS_SEARCH_USER_PATHS = NO;
				CLANG_ANALYZER_NONNULL = YES;
				CLANG_ANALYZER_NUMBER_OBJECT_CONVERSION = YES_AGGRESSIVE;
				CLANG_CXX_LANGUAGE_STANDARD = "gnu++14";
				CLANG_CXX_LIBRARY = "libc++";
				CLANG_ENABLE_MODULES = YES;
				CLANG_ENABLE_OBJC_ARC = YES;
				CLANG_WARN_BLOCK_CAPTURE_AUTORELEASING = YES;
				CLANG_WARN_BOOL_CONVERSION = YES;
				CLANG_WARN_COMMA = YES;
				CLANG_WARN_CONSTANT_CONVERSION = YES;
				CLANG_WARN_DIRECT_OBJC_ISA_USAGE = YES_ERROR;
				CLANG_WARN_DOCUMENTATION_COMMENTS = YES;
				CLANG_WARN_EMPTY_BODY = YES;
				CLANG_WARN_ENUM_CONVERSION = YES;
				CLANG_WARN_INFINITE_RECURSION = YES;
				CLANG_WARN_INT_CONVERSION = YES;
				CLANG_WARN_NON_LITERAL_NULL_CONVERSION = YES;
				CLANG_WARN_OBJC_LITERAL_CONVERSION = YES;
				CLANG_WARN_OBJC_ROOT_CLASS = YES_ERROR;
				CLANG_WARN_RANGE_LOOP_ANALYSIS = YES;
				CLANG_WARN_STRICT_PROTOTYPES = YES;
				CLANG_WARN_SUSPICIOUS_MOVE = YES;
				CLANG_WARN_UNGUARDED_AVAILABILITY = YES_AGGRESSIVE;
				CLANG_WARN_UNREACHABLE_CODE = YES;
				CLANG_WARN__DUPLICATE_METHOD_MATCH = YES;
				CODE_SIGN_IDENTITY = "iPhone Developer";
				COPY_PHASE_STRIP = NO;
				DEBUG_INFORMATION_FORMAT = dwarf;
				ENABLE_STRICT_OBJC_MSGSEND = YES;
				ENABLE_TESTABILITY = YES;
				GCC_C_LANGUAGE_STANDARD = gnu11;
				GCC_DYNAMIC_NO_PIC = NO;
				GCC_NO_COMMON_BLOCKS = YES;
				GCC_OPTIMIZATION_LEVEL = 0;
				GCC_PREPROCESSOR_DEFINITIONS = (
					"DEBUG=1",
					"$(inherited)",
				);
				GCC_WARN_64_TO_32_BIT_CONVERSION = YES;
				GCC_WARN_ABOUT_RETURN_TYPE = YES_ERROR;
				GCC_WARN_UNDECLARED_SELECTOR = YES;
				GCC_WARN_UNINITIALIZED_AUTOS = YES_AGGRESSIVE;
				GCC_WARN_UNUSED_FUNCTION = YES;
				GCC_WARN_UNUSED_VARIABLE = YES;
				IPHONEOS_DEPLOYMENT_TARGET = 11.2;
				MTL_ENABLE_DEBUG_INFO = YES;
				ONLY_ACTIVE_ARCH = YES;
				SDKROOT = iphoneos;
				SWIFT_ACTIVE_COMPILATION_CONDITIONS = DEBUG;
				SWIFT_OPTIMIZATION_LEVEL = "-Onone";
			};
			name = Debug;
		};
		2235B93C1FFE1A210035A4BD /* Release */ = {
			isa = XCBuildConfiguration;
			buildSettings = {
				ALWAYS_SEARCH_USER_PATHS = NO;
				CLANG_ANALYZER_NONNULL = YES;
				CLANG_ANALYZER_NUMBER_OBJECT_CONVERSION = YES_AGGRESSIVE;
				CLANG_CXX_LANGUAGE_STANDARD = "gnu++14";
				CLANG_CXX_LIBRARY = "libc++";
				CLANG_ENABLE_MODULES = YES;
				CLANG_ENABLE_OBJC_ARC = YES;
				CLANG_WARN_BLOCK_CAPTURE_AUTORELEASING = YES;
				CLANG_WARN_BOOL_CONVERSION = YES;
				CLANG_WARN_COMMA = YES;
				CLANG_WARN_CONSTANT_CONVERSION = YES;
				CLANG_WARN_DIRECT_OBJC_ISA_USAGE = YES_ERROR;
				CLANG_WARN_DOCUMENTATION_COMMENTS = YES;
				CLANG_WARN_EMPTY_BODY = YES;
				CLANG_WARN_ENUM_CONVERSION = YES;
				CLANG_WARN_INFINITE_RECURSION = YES;
				CLANG_WARN_INT_CONVERSION = YES;
				CLANG_WARN_NON_LITERAL_NULL_CONVERSION = YES;
				CLANG_WARN_OBJC_LITERAL_CONVERSION = YES;
				CLANG_WARN_OBJC_ROOT_CLASS = YES_ERROR;
				CLANG_WARN_RANGE_LOOP_ANALYSIS = YES;
				CLANG_WARN_STRICT_PROTOTYPES = YES;
				CLANG_WARN_SUSPICIOUS_MOVE = YES;
				CLANG_WARN_UNGUARDED_AVAILABILITY = YES_AGGRESSIVE;
				CLANG_WARN_UNREACHABLE_CODE = YES;
				CLANG_WARN__DUPLICATE_METHOD_MATCH = YES;
				CODE_SIGN_IDENTITY = "iPhone Developer";
				COPY_PHASE_STRIP = NO;
				DEBUG_INFORMATION_FORMAT = "dwarf-with-dsym";
				ENABLE_NS_ASSERTIONS = NO;
				ENABLE_STRICT_OBJC_MSGSEND = YES;
				GCC_C_LANGUAGE_STANDARD = gnu11;
				GCC_NO_COMMON_BLOCKS = YES;
				GCC_WARN_64_TO_32_BIT_CONVERSION = YES;
				GCC_WARN_ABOUT_RETURN_TYPE = YES_ERROR;
				GCC_WARN_UNDECLARED_SELECTOR = YES;
				GCC_WARN_UNINITIALIZED_AUTOS = YES_AGGRESSIVE;
				GCC_WARN_UNUSED_FUNCTION = YES;
				GCC_WARN_UNUSED_VARIABLE = YES;
				IPHONEOS_DEPLOYMENT_TARGET = 11.2;
				MTL_ENABLE_DEBUG_INFO = NO;
				SDKROOT = iphoneos;
				SWIFT_OPTIMIZATION_LEVEL = "-Owholemodule";
				VALIDATE_PRODUCT = YES;
			};
			name = Release;
		};
		2235B93E1FFE1A210035A4BD /* Debug */ = {
			isa = XCBuildConfiguration;
			buildSettings = {
				ASSETCATALOG_COMPILER_APPICON_NAME = AppIcon;
				CODE_SIGN_STYLE = Automatic;
				DEVELOPMENT_TEAM = B2HJPX5DWF;
				INFOPLIST_FILE = FeatureStar/Info.plist;
				LD_RUNPATH_SEARCH_PATHS = "$(inherited) @executable_path/Frameworks";
				PRODUCT_BUNDLE_IDENTIFIER = studyDemo.com.FeatureStar;
				PRODUCT_NAME = "$(TARGET_NAME)";
				SWIFT_VERSION = 4.0;
				TARGETED_DEVICE_FAMILY = "1,2";
			};
			name = Debug;
		};
		2235B93F1FFE1A210035A4BD /* Release */ = {
			isa = XCBuildConfiguration;
			buildSettings = {
				ASSETCATALOG_COMPILER_APPICON_NAME = AppIcon;
				CODE_SIGN_STYLE = Automatic;
				DEVELOPMENT_TEAM = B2HJPX5DWF;
				INFOPLIST_FILE = FeatureStar/Info.plist;
				LD_RUNPATH_SEARCH_PATHS = "$(inherited) @executable_path/Frameworks";
				PRODUCT_BUNDLE_IDENTIFIER = studyDemo.com.FeatureStar;
				PRODUCT_NAME = "$(TARGET_NAME)";
				SWIFT_VERSION = 4.0;
				TARGETED_DEVICE_FAMILY = "1,2";
			};
			name = Release;
		};
		2235B9411FFE1A210035A4BD /* Debug */ = {
			isa = XCBuildConfiguration;
			buildSettings = {
				ALWAYS_EMBED_SWIFT_STANDARD_LIBRARIES = YES;
				BUNDLE_LOADER = "$(TEST_HOST)";
				CODE_SIGN_STYLE = Automatic;
				DEVELOPMENT_TEAM = B2HJPX5DWF;
				INFOPLIST_FILE = FeatureStarTests/Info.plist;
				LD_RUNPATH_SEARCH_PATHS = "$(inherited) @executable_path/Frameworks @loader_path/Frameworks";
				PRODUCT_BUNDLE_IDENTIFIER = studyDemo.com.FeatureStarTests;
				PRODUCT_NAME = "$(TARGET_NAME)";
				SWIFT_VERSION = 4.0;
				TARGETED_DEVICE_FAMILY = "1,2";
				TEST_HOST = "$(BUILT_PRODUCTS_DIR)/FeatureStar.app/FeatureStar";
			};
			name = Debug;
		};
		2235B9421FFE1A210035A4BD /* Release */ = {
			isa = XCBuildConfiguration;
			buildSettings = {
				ALWAYS_EMBED_SWIFT_STANDARD_LIBRARIES = YES;
				BUNDLE_LOADER = "$(TEST_HOST)";
				CODE_SIGN_STYLE = Automatic;
				DEVELOPMENT_TEAM = B2HJPX5DWF;
				INFOPLIST_FILE = FeatureStarTests/Info.plist;
				LD_RUNPATH_SEARCH_PATHS = "$(inherited) @executable_path/Frameworks @loader_path/Frameworks";
				PRODUCT_BUNDLE_IDENTIFIER = studyDemo.com.FeatureStarTests;
				PRODUCT_NAME = "$(TARGET_NAME)";
				SWIFT_VERSION = 4.0;
				TARGETED_DEVICE_FAMILY = "1,2";
				TEST_HOST = "$(BUILT_PRODUCTS_DIR)/FeatureStar.app/FeatureStar";
			};
			name = Release;
		};
		2235B9441FFE1A210035A4BD /* Debug */ = {
			isa = XCBuildConfiguration;
			buildSettings = {
				ALWAYS_EMBED_SWIFT_STANDARD_LIBRARIES = YES;
				CODE_SIGN_STYLE = Automatic;
				DEVELOPMENT_TEAM = B2HJPX5DWF;
				INFOPLIST_FILE = FeatureStarUITests/Info.plist;
				LD_RUNPATH_SEARCH_PATHS = "$(inherited) @executable_path/Frameworks @loader_path/Frameworks";
				PRODUCT_BUNDLE_IDENTIFIER = studyDemo.com.FeatureStarUITests;
				PRODUCT_NAME = "$(TARGET_NAME)";
				SWIFT_VERSION = 4.0;
				TARGETED_DEVICE_FAMILY = "1,2";
				TEST_TARGET_NAME = FeatureStar;
			};
			name = Debug;
		};
		2235B9451FFE1A210035A4BD /* Release */ = {
			isa = XCBuildConfiguration;
			buildSettings = {
				ALWAYS_EMBED_SWIFT_STANDARD_LIBRARIES = YES;
				CODE_SIGN_STYLE = Automatic;
				DEVELOPMENT_TEAM = B2HJPX5DWF;
				INFOPLIST_FILE = FeatureStarUITests/Info.plist;
				LD_RUNPATH_SEARCH_PATHS = "$(inherited) @executable_path/Frameworks @loader_path/Frameworks";
				PRODUCT_BUNDLE_IDENTIFIER = studyDemo.com.FeatureStarUITests;
				PRODUCT_NAME = "$(TARGET_NAME)";
				SWIFT_VERSION = 4.0;
				TARGETED_DEVICE_FAMILY = "1,2";
				TEST_TARGET_NAME = FeatureStar;
			};
			name = Release;
		};
/* End XCBuildConfiguration section */

/* Begin XCConfigurationList section */
		2235B9101FFE1A210035A4BD /* Build configuration list for PBXProject "FeatureStar" */ = {
			isa = XCConfigurationList;
			buildConfigurations = (
				2235B93B1FFE1A210035A4BD /* Debug */,
				2235B93C1FFE1A210035A4BD /* Release */,
			);
			defaultConfigurationIsVisible = 0;
			defaultConfigurationName = Release;
		};
		2235B93D1FFE1A210035A4BD /* Build configuration list for PBXNativeTarget "FeatureStar" */ = {
			isa = XCConfigurationList;
			buildConfigurations = (
				2235B93E1FFE1A210035A4BD /* Debug */,
				2235B93F1FFE1A210035A4BD /* Release */,
			);
			defaultConfigurationIsVisible = 0;
			defaultConfigurationName = Release;
		};
		2235B9401FFE1A210035A4BD /* Build configuration list for PBXNativeTarget "FeatureStarTests" */ = {
			isa = XCConfigurationList;
			buildConfigurations = (
				2235B9411FFE1A210035A4BD /* Debug */,
				2235B9421FFE1A210035A4BD /* Release */,
			);
			defaultConfigurationIsVisible = 0;
			defaultConfigurationName = Release;
		};
		2235B9431FFE1A210035A4BD /* Build configuration list for PBXNativeTarget "FeatureStarUITests" */ = {
			isa = XCConfigurationList;
			buildConfigurations = (
				2235B9441FFE1A210035A4BD /* Debug */,
				2235B9451FFE1A210035A4BD /* Release */,
			);
			defaultConfigurationIsVisible = 0;
			defaultConfigurationName = Release;
		};
/* End XCConfigurationList section */
	};
	rootObject = 2235B90D1FFE1A210035A4BD /* Project object */;
}
